// !$*UTF8*$!
{
	archiveVersion = 1;
	classes = {
	};
	objectVersion = 45;
	objects = {

/* Begin PBXBuildFile section */
		1D3623260D0F684500981E51 /* RentManagerAppDelegate.m in Sources */ = {isa = PBXBuildFile; fileRef = 1D3623250D0F684500981E51 /* RentManagerAppDelegate.m */; };
		1D60589B0D05DD56006BFB54 /* main.m in Sources */ = {isa = PBXBuildFile; fileRef = 29B97316FDCFA39411CA2CEA /* main.m */; };
		1D60589F0D05DD5A006BFB54 /* Foundation.framework in Frameworks */ = {isa = PBXBuildFile; fileRef = 1D30AB110D05D00D00671497 /* Foundation.framework */; };
		1DF5F4E00D08C38300B7A737 /* UIKit.framework in Frameworks */ = {isa = PBXBuildFile; fileRef = 1DF5F4DF0D08C38300B7A737 /* UIKit.framework */; };
		288765080DF74369002DB57D /* CoreGraphics.framework in Frameworks */ = {isa = PBXBuildFile; fileRef = 288765070DF74369002DB57D /* CoreGraphics.framework */; };
		28AD73880D9D96C1002E5188 /* MainWindow.xib in Resources */ = {isa = PBXBuildFile; fileRef = 28AD73870D9D96C1002E5188 /* MainWindow.xib */; };
		432C96291187134D00BDC5C8 /* Default.png in Resources */ = {isa = PBXBuildFile; fileRef = 432C96271187134D00BDC5C8 /* Default.png */; };
		433CE7201152578300D6B3D3 /* data.sqlite in Resources */ = {isa = PBXBuildFile; fileRef = 433CE71F1152578300D6B3D3 /* data.sqlite */; };
		4378EA7E1150F7F2002AA27D /* AboutViewController.m in Sources */ = {isa = PBXBuildFile; fileRef = 4378EA791150F7F2002AA27D /* AboutViewController.m */; };
		4378EA7F1150F7F2002AA27D /* AboutViewController.xib in Resources */ = {isa = PBXBuildFile; fileRef = 4378EA7A1150F7F2002AA27D /* AboutViewController.xib */; };
		4378EA801150F7F2002AA27D /* RentOutgoingDetailViewController.m in Sources */ = {isa = PBXBuildFile; fileRef = 4378EA7C1150F7F2002AA27D /* RentOutgoingDetailViewController.m */; };
		4378EA811150F7F2002AA27D /* RentOutgoingDetailViewController.xib in Resources */ = {isa = PBXBuildFile; fileRef = 4378EA7D1150F7F2002AA27D /* RentOutgoingDetailViewController.xib */; };
		4378EA8A1150F807002AA27D /* Database.m in Sources */ = {isa = PBXBuildFile; fileRef = 4378EA841150F807002AA27D /* Database.m */; };
		4378EA8B1150F807002AA27D /* DateSelectViewController.m in Sources */ = {isa = PBXBuildFile; fileRef = 4378EA861150F807002AA27D /* DateSelectViewController.m */; };
		4378EA8C1150F807002AA27D /* DateSelectViewController.xib in Resources */ = {isa = PBXBuildFile; fileRef = 4378EA871150F807002AA27D /* DateSelectViewController.xib */; };
		4378EA941150F815002AA27D /* os.png in Resources */ = {isa = PBXBuildFile; fileRef = 4378EA8E1150F815002AA27D /* os.png */; };
		4378EA961150F815002AA27D /* RentEntry.m in Sources */ = {isa = PBXBuildFile; fileRef = 4378EA911150F815002AA27D /* RentEntry.m */; };
		4378EA971150F815002AA27D /* RentList.m in Sources */ = {isa = PBXBuildFile; fileRef = 4378EA931150F815002AA27D /* RentList.m */; };
		4378EA9A1150F83D002AA27D /* RentOutgoingViewController.m in Sources */ = {isa = PBXBuildFile; fileRef = 4378EA991150F83D002AA27D /* RentOutgoingViewController.m */; };
		4378EAA01150F877002AA27D /* AddressBook.framework in Frameworks */ = {isa = PBXBuildFile; fileRef = 4378EA9F1150F877002AA27D /* AddressBook.framework */; };
		4378EAA21150F877002AA27D /* AddressBookUI.framework in Frameworks */ = {isa = PBXBuildFile; fileRef = 4378EAA11150F877002AA27D /* AddressBookUI.framework */; };
		4378EAA81150F883002AA27D /* libsqlite3.0.dylib in Frameworks */ = {isa = PBXBuildFile; fileRef = 4378EAA71150F883002AA27D /* libsqlite3.0.dylib */; };
		4378EACE1150FB45002AA27D /* RentIncomingViewController.m in Sources */ = {isa = PBXBuildFile; fileRef = 4378EACD1150FB45002AA27D /* RentIncomingViewController.m */; };
		4378EB0111510194002AA27D /* RentIncomingDetailViewController.m in Sources */ = {isa = PBXBuildFile; fileRef = 4378EAFF11510194002AA27D /* RentIncomingDetailViewController.m */; };
		4378EB0211510194002AA27D /* RentIncomingDetailViewController.xib in Resources */ = {isa = PBXBuildFile; fileRef = 4378EB0011510194002AA27D /* RentIncomingDetailViewController.xib */; };
		4378EBBC115112CA002AA27D /* ReturnDateSelectViewController.m in Sources */ = {isa = PBXBuildFile; fileRef = 4378EBBA115112CA002AA27D /* ReturnDateSelectViewController.m */; };
		4378EBBD115112CA002AA27D /* ReturnDateSelectViewController.xib in Resources */ = {isa = PBXBuildFile; fileRef = 4378EBBB115112CA002AA27D /* ReturnDateSelectViewController.xib */; };
		43B8D52011576DBE0074BA21 /* Localizable.strings in Resources */ = {isa = PBXBuildFile; fileRef = 43B8D51E11576DBE0074BA21 /* Localizable.strings */; };
		43B8D7D11157C6C00074BA21 /* ContactEntry.m in Sources */ = {isa = PBXBuildFile; fileRef = 43B8D7D01157C6C00074BA21 /* ContactEntry.m */; };
		43B9C93D1153AC9F004EF6B2 /* RentOutgoingViewController.xib in Resources */ = {isa = PBXBuildFile; fileRef = 43B9C93B1153AC9F004EF6B2 /* RentOutgoingViewController.xib */; };
		43B9CAC91153D047004EF6B2 /* RentIncomingViewController.xib in Resources */ = {isa = PBXBuildFile; fileRef = 43B9CAC81153D047004EF6B2 /* RentIncomingViewController.xib */; };
		43BF8331116B5E7300167833 /* icon2.png in Resources */ = {isa = PBXBuildFile; fileRef = 43BF832E116B5E7300167833 /* icon2.png */; };
		43BF8340116B601300167833 /* incoming2.png in Resources */ = {isa = PBXBuildFile; fileRef = 43BF833D116B601300167833 /* incoming2.png */; };
		43BF8341116B601300167833 /* info2.png in Resources */ = {isa = PBXBuildFile; fileRef = 43BF833E116B601300167833 /* info2.png */; };
		43BF8342116B601300167833 /* outgoing2.png in Resources */ = {isa = PBXBuildFile; fileRef = 43BF833F116B601300167833 /* outgoing2.png */; };
		43C2E69D1192C42E006003B0 /* lent-icon.png in Resources */ = {isa = PBXBuildFile; fileRef = 43C2E69C1192C42E006003B0 /* lent-icon.png */; };
/* End PBXBuildFile section */

/* Begin PBXFileReference section */
		1D30AB110D05D00D00671497 /* Foundation.framework */ = {isa = PBXFileReference; lastKnownFileType = wrapper.framework; name = Foundation.framework; path = System/Library/Frameworks/Foundation.framework; sourceTree = SDKROOT; };
		1D3623240D0F684500981E51 /* RentManagerAppDelegate.h */ = {isa = PBXFileReference; fileEncoding = 4; lastKnownFileType = sourcecode.c.h; path = RentManagerAppDelegate.h; sourceTree = "<group>"; };
		1D3623250D0F684500981E51 /* RentManagerAppDelegate.m */ = {isa = PBXFileReference; fileEncoding = 4; lastKnownFileType = sourcecode.c.objc; path = RentManagerAppDelegate.m; sourceTree = "<group>"; };
		1D6058910D05DD3D006BFB54 /* LentManager.app */ = {isa = PBXFileReference; explicitFileType = wrapper.application; includeInIndex = 0; path = LentManager.app; sourceTree = BUILT_PRODUCTS_DIR; };
		1DF5F4DF0D08C38300B7A737 /* UIKit.framework */ = {isa = PBXFileReference; lastKnownFileType = wrapper.framework; name = UIKit.framework; path = System/Library/Frameworks/UIKit.framework; sourceTree = SDKROOT; };
		288765070DF74369002DB57D /* CoreGraphics.framework */ = {isa = PBXFileReference; lastKnownFileType = wrapper.framework; name = CoreGraphics.framework; path = System/Library/Frameworks/CoreGraphics.framework; sourceTree = SDKROOT; };
		28A0AB4B0D9B1048005BE974 /* LentManager_Prefix.pch */ = {isa = PBXFileReference; fileEncoding = 4; lastKnownFileType = sourcecode.c.h; path = LentManager_Prefix.pch; sourceTree = "<group>"; };
		28AD73870D9D96C1002E5188 /* MainWindow.xib */ = {isa = PBXFileReference; lastKnownFileType = file.xib; path = MainWindow.xib; sourceTree = "<group>"; };
		29B97316FDCFA39411CA2CEA /* main.m */ = {isa = PBXFileReference; fileEncoding = 4; lastKnownFileType = sourcecode.c.objc; path = main.m; sourceTree = "<group>"; };
		432C96281187134D00BDC5C8 /* de */ = {isa = PBXFileReference; lastKnownFileType = image.png; name = de; path = de.lproj/Default.png; sourceTree = "<group>"; };
		432C962A1187135C00BDC5C8 /* en */ = {isa = PBXFileReference; lastKnownFileType = image.png; name = en; path = en.lproj/Default.png; sourceTree = "<group>"; };
		433CE71F1152578300D6B3D3 /* data.sqlite */ = {isa = PBXFileReference; lastKnownFileType = file; path = data.sqlite; sourceTree = "<group>"; };
		4378EA781150F7F2002AA27D /* AboutViewController.h */ = {isa = PBXFileReference; fileEncoding = 4; lastKnownFileType = sourcecode.c.h; name = AboutViewController.h; path = ../AboutViewController.h; sourceTree = "<group>"; };
		4378EA791150F7F2002AA27D /* AboutViewController.m */ = {isa = PBXFileReference; fileEncoding = 4; lastKnownFileType = sourcecode.c.objc; name = AboutViewController.m; path = ../AboutViewController.m; sourceTree = "<group>"; };
		4378EA7A1150F7F2002AA27D /* AboutViewController.xib */ = {isa = PBXFileReference; lastKnownFileType = file.xib; path = AboutViewController.xib; sourceTree = "<group>"; };
		4378EA7B1150F7F2002AA27D /* RentOutgoingDetailViewController.h */ = {isa = PBXFileReference; fileEncoding = 4; lastKnownFileType = sourcecode.c.h; name = RentOutgoingDetailViewController.h; path = ../RentOutgoingDetailViewController.h; sourceTree = "<group>"; };
		4378EA7C1150F7F2002AA27D /* RentOutgoingDetailViewController.m */ = {isa = PBXFileReference; fileEncoding = 4; lastKnownFileType = sourcecode.c.objc; name = RentOutgoingDetailViewController.m; path = ../RentOutgoingDetailViewController.m; sourceTree = "<group>"; };
		4378EA7D1150F7F2002AA27D /* RentOutgoingDetailViewController.xib */ = {isa = PBXFileReference; lastKnownFileType = file.xib; path = RentOutgoingDetailViewController.xib; sourceTree = "<group>"; };
		4378EA831150F807002AA27D /* Database.h */ = {isa = PBXFileReference; fileEncoding = 4; lastKnownFileType = sourcecode.c.h; name = Database.h; path = ../Database.h; sourceTree = "<group>"; };
		4378EA841150F807002AA27D /* Database.m */ = {isa = PBXFileReference; fileEncoding = 4; lastKnownFileType = sourcecode.c.objc; name = Database.m; path = ../Database.m; sourceTree = "<group>"; };
		4378EA851150F807002AA27D /* DateSelectViewController.h */ = {isa = PBXFileReference; fileEncoding = 4; lastKnownFileType = sourcecode.c.h; name = DateSelectViewController.h; path = ../DateSelectViewController.h; sourceTree = "<group>"; };
		4378EA861150F807002AA27D /* DateSelectViewController.m */ = {isa = PBXFileReference; fileEncoding = 4; lastKnownFileType = sourcecode.c.objc; name = DateSelectViewController.m; path = ../DateSelectViewController.m; sourceTree = "<group>"; };
		4378EA871150F807002AA27D /* DateSelectViewController.xib */ = {isa = PBXFileReference; lastKnownFileType = file.xib; path = DateSelectViewController.xib; sourceTree = "<group>"; };
		4378EA8E1150F815002AA27D /* os.png */ = {isa = PBXFileReference; lastKnownFileType = image.png; path = os.png; sourceTree = "<group>"; };
		4378EA901150F815002AA27D /* RentEntry.h */ = {isa = PBXFileReference; fileEncoding = 4; lastKnownFileType = sourcecode.c.h; name = RentEntry.h; path = ../RentEntry.h; sourceTree = "<group>"; };
		4378EA911150F815002AA27D /* RentEntry.m */ = {isa = PBXFileReference; fileEncoding = 4; lastKnownFileType = sourcecode.c.objc; name = RentEntry.m; path = ../RentEntry.m; sourceTree = "<group>"; };
		4378EA921150F815002AA27D /* RentList.h */ = {isa = PBXFileReference; fileEncoding = 4; lastKnownFileType = sourcecode.c.h; name = RentList.h; path = ../RentList.h; sourceTree = "<group>"; };
		4378EA931150F815002AA27D /* RentList.m */ = {isa = PBXFileReference; fileEncoding = 4; lastKnownFileType = sourcecode.c.objc; name = RentList.m; path = ../RentList.m; sourceTree = "<group>"; };
		4378EA981150F823002AA27D /* RentOutgoingViewController.h */ = {isa = PBXFileReference; fileEncoding = 4; lastKnownFileType = sourcecode.c.h; name = RentOutgoingViewController.h; path = ../RentOutgoingViewController.h; sourceTree = "<group>"; };
		4378EA991150F83D002AA27D /* RentOutgoingViewController.m */ = {isa = PBXFileReference; fileEncoding = 4; lastKnownFileType = sourcecode.c.objc; name = RentOutgoingViewController.m; path = ../RentOutgoingViewController.m; sourceTree = "<group>"; };
		4378EA9F1150F877002AA27D /* AddressBook.framework */ = {isa = PBXFileReference; lastKnownFileType = wrapper.framework; name = AddressBook.framework; path = System/Library/Frameworks/AddressBook.framework; sourceTree = SDKROOT; };
		4378EAA11150F877002AA27D /* AddressBookUI.framework */ = {isa = PBXFileReference; lastKnownFileType = wrapper.framework; name = AddressBookUI.framework; path = System/Library/Frameworks/AddressBookUI.framework; sourceTree = SDKROOT; };
		4378EAA71150F883002AA27D /* libsqlite3.0.dylib */ = {isa = PBXFileReference; lastKnownFileType = "compiled.mach-o.dylib"; name = libsqlite3.0.dylib; path = usr/lib/libsqlite3.0.dylib; sourceTree = SDKROOT; };
		4378EACC1150FB45002AA27D /* RentIncomingViewController.h */ = {isa = PBXFileReference; fileEncoding = 4; lastKnownFileType = sourcecode.c.h; path = RentIncomingViewController.h; sourceTree = "<group>"; };
		4378EACD1150FB45002AA27D /* RentIncomingViewController.m */ = {isa = PBXFileReference; fileEncoding = 4; lastKnownFileType = sourcecode.c.objc; path = RentIncomingViewController.m; sourceTree = "<group>"; };
		4378EAFE11510194002AA27D /* RentIncomingDetailViewController.h */ = {isa = PBXFileReference; fileEncoding = 4; lastKnownFileType = sourcecode.c.h; path = RentIncomingDetailViewController.h; sourceTree = "<group>"; };
		4378EAFF11510194002AA27D /* RentIncomingDetailViewController.m */ = {isa = PBXFileReference; fileEncoding = 4; lastKnownFileType = sourcecode.c.objc; path = RentIncomingDetailViewController.m; sourceTree = "<group>"; };
		4378EB0011510194002AA27D /* RentIncomingDetailViewController.xib */ = {isa = PBXFileReference; lastKnownFileType = file.xib; name = RentIncomingDetailViewController.xib; path = Classes/RentIncomingDetailViewController.xib; sourceTree = "<group>"; };
		4378EBB9115112CA002AA27D /* ReturnDateSelectViewController.h */ = {isa = PBXFileReference; fileEncoding = 4; lastKnownFileType = sourcecode.c.h; path = ReturnDateSelectViewController.h; sourceTree = SOURCE_ROOT; };
		4378EBBA115112CA002AA27D /* ReturnDateSelectViewController.m */ = {isa = PBXFileReference; fileEncoding = 4; lastKnownFileType = sourcecode.c.objc; path = ReturnDateSelectViewController.m; sourceTree = SOURCE_ROOT; };
		4378EBBB115112CA002AA27D /* ReturnDateSelectViewController.xib */ = {isa = PBXFileReference; lastKnownFileType = file.xib; path = ReturnDateSelectViewController.xib; sourceTree = "<group>"; };
		43B8D51F11576DBE0074BA21 /* de */ = {isa = PBXFileReference; fileEncoding = 4; lastKnownFileType = text.plist.strings; name = de; path = de.lproj/Localizable.strings; sourceTree = "<group>"; };
		43B8D52311576DD10074BA21 /* en */ = {isa = PBXFileReference; lastKnownFileType = text.plist.strings; name = en; path = en.lproj/Localizable.strings; sourceTree = "<group>"; };
		43B8D7CF1157C6C00074BA21 /* ContactEntry.h */ = {isa = PBXFileReference; fileEncoding = 4; lastKnownFileType = sourcecode.c.h; path = ContactEntry.h; sourceTree = "<group>"; };
		43B8D7D01157C6C00074BA21 /* ContactEntry.m */ = {isa = PBXFileReference; fileEncoding = 4; lastKnownFileType = sourcecode.c.objc; path = ContactEntry.m; sourceTree = "<group>"; };
		43B9C93B1153AC9F004EF6B2 /* RentOutgoingViewController.xib */ = {isa = PBXFileReference; lastKnownFileType = file.xib; path = RentOutgoingViewController.xib; sourceTree = "<group>"; };
		43B9CAC81153D047004EF6B2 /* RentIncomingViewController.xib */ = {isa = PBXFileReference; lastKnownFileType = file.xib; path = RentIncomingViewController.xib; sourceTree = "<group>"; };
		43BF832E116B5E7300167833 /* icon2.png */ = {isa = PBXFileReference; lastKnownFileType = image.png; path = icon2.png; sourceTree = "<group>"; };
		43BF833D116B601300167833 /* incoming2.png */ = {isa = PBXFileReference; lastKnownFileType = image.png; path = incoming2.png; sourceTree = "<group>"; };
		43BF833E116B601300167833 /* info2.png */ = {isa = PBXFileReference; lastKnownFileType = image.png; path = info2.png; sourceTree = "<group>"; };
		43BF833F116B601300167833 /* outgoing2.png */ = {isa = PBXFileReference; lastKnownFileType = image.png; path = outgoing2.png; sourceTree = "<group>"; };
		43C2E69C1192C42E006003B0 /* lent-icon.png */ = {isa = PBXFileReference; lastKnownFileType = image.png; path = "lent-icon.png"; sourceTree = "<group>"; };
		8D1107310486CEB800E47090 /* LentManager-Info.plist */ = {isa = PBXFileReference; fileEncoding = 4; lastKnownFileType = text.plist.xml; path = "LentManager-Info.plist"; plistStructureDefinitionIdentifier = "com.apple.xcode.plist.structure-definition.iphone.info-plist"; sourceTree = "<group>"; };
/* End PBXFileReference section */

/* Begin PBXFrameworksBuildPhase section */
		1D60588F0D05DD3D006BFB54 /* Frameworks */ = {
			isa = PBXFrameworksBuildPhase;
			buildActionMask = 2147483647;
			files = (
				1D60589F0D05DD5A006BFB54 /* Foundation.framework in Frameworks */,
				1DF5F4E00D08C38300B7A737 /* UIKit.framework in Frameworks */,
				288765080DF74369002DB57D /* CoreGraphics.framework in Frameworks */,
				4378EAA01150F877002AA27D /* AddressBook.framework in Frameworks */,
				4378EAA21150F877002AA27D /* AddressBookUI.framework in Frameworks */,
				4378EAA81150F883002AA27D /* libsqlite3.0.dylib in Frameworks */,
			);
			runOnlyForDeploymentPostprocessing = 0;
		};
/* End PBXFrameworksBuildPhase section */

/* Begin PBXGroup section */
		080E96DDFE201D6D7F000001 /* Classes */ = {
			isa = PBXGroup;
			children = (
				4378EBB9115112CA002AA27D /* ReturnDateSelectViewController.h */,
				4378EBBA115112CA002AA27D /* ReturnDateSelectViewController.m */,
				4378EAFE11510194002AA27D /* RentIncomingDetailViewController.h */,
				4378EAFF11510194002AA27D /* RentIncomingDetailViewController.m */,
				4378EACC1150FB45002AA27D /* RentIncomingViewController.h */,
				4378EACD1150FB45002AA27D /* RentIncomingViewController.m */,
				4378EA991150F83D002AA27D /* RentOutgoingViewController.m */,
				4378EA981150F823002AA27D /* RentOutgoingViewController.h */,
				4378EA7B1150F7F2002AA27D /* RentOutgoingDetailViewController.h */,
				4378EA7C1150F7F2002AA27D /* RentOutgoingDetailViewController.m */,
				4378EA901150F815002AA27D /* RentEntry.h */,
				4378EA911150F815002AA27D /* RentEntry.m */,
				4378EA921150F815002AA27D /* RentList.h */,
				4378EA931150F815002AA27D /* RentList.m */,
				4378EA831150F807002AA27D /* Database.h */,
				4378EA841150F807002AA27D /* Database.m */,
				4378EA851150F807002AA27D /* DateSelectViewController.h */,
				4378EA861150F807002AA27D /* DateSelectViewController.m */,
				4378EA781150F7F2002AA27D /* AboutViewController.h */,
				4378EA791150F7F2002AA27D /* AboutViewController.m */,
				1D3623240D0F684500981E51 /* RentManagerAppDelegate.h */,
				1D3623250D0F684500981E51 /* RentManagerAppDelegate.m */,
				43B8D7CF1157C6C00074BA21 /* ContactEntry.h */,
				43B8D7D01157C6C00074BA21 /* ContactEntry.m */,
			);
			path = Classes;
			sourceTree = "<group>";
		};
		19C28FACFE9D520D11CA2CBB /* Products */ = {
			isa = PBXGroup;
			children = (
				1D6058910D05DD3D006BFB54 /* LentManager.app */,
			);
			name = Products;
			sourceTree = "<group>";
		};
		29B97314FDCFA39411CA2CEA /* RentManager */ = {
			isa = PBXGroup;
			children = (
				080E96DDFE201D6D7F000001 /* Classes */,
				29B97315FDCFA39411CA2CEA /* Other Sources */,
				29B97317FDCFA39411CA2CEA /* Resources */,
				29B97323FDCFA39411CA2CEA /* Frameworks */,
				19C28FACFE9D520D11CA2CBB /* Products */,
			);
			name = RentManager;
			sourceTree = "<group>";
		};
		29B97315FDCFA39411CA2CEA /* Other Sources */ = {
			isa = PBXGroup;
			children = (
				43B9CAC81153D047004EF6B2 /* RentIncomingViewController.xib */,
				4378EBBB115112CA002AA27D /* ReturnDateSelectViewController.xib */,
				4378EB0011510194002AA27D /* RentIncomingDetailViewController.xib */,
				4378EA871150F807002AA27D /* DateSelectViewController.xib */,
				4378EA7A1150F7F2002AA27D /* AboutViewController.xib */,
				4378EA7D1150F7F2002AA27D /* RentOutgoingDetailViewController.xib */,
				28A0AB4B0D9B1048005BE974 /* LentManager_Prefix.pch */,
				29B97316FDCFA39411CA2CEA /* main.m */,
				43B9C93B1153AC9F004EF6B2 /* RentOutgoingViewController.xib */,
			);
			name = "Other Sources";
			sourceTree = "<group>";
		};
		29B97317FDCFA39411CA2CEA /* Resources */ = {
			isa = PBXGroup;
			children = (
				43C2E69C1192C42E006003B0 /* lent-icon.png */,
				432C96271187134D00BDC5C8 /* Default.png */,
				43BF833D116B601300167833 /* incoming2.png */,
				43BF833E116B601300167833 /* info2.png */,
				43BF833F116B601300167833 /* outgoing2.png */,
				43BF832E116B5E7300167833 /* icon2.png */,
				43B8D51E11576DBE0074BA21 /* Localizable.strings */,
				433CE71F1152578300D6B3D3 /* data.sqlite */,
				4378EA8E1150F815002AA27D /* os.png */,
				28AD73870D9D96C1002E5188 /* MainWindow.xib */,
				8D1107310486CEB800E47090 /* LentManager-Info.plist */,
			);
			name = Resources;
			sourceTree = "<group>";
		};
		29B97323FDCFA39411CA2CEA /* Frameworks */ = {
			isa = PBXGroup;
			children = (
				4378EA9F1150F877002AA27D /* AddressBook.framework */,
				4378EAA11150F877002AA27D /* AddressBookUI.framework */,
				4378EAA71150F883002AA27D /* libsqlite3.0.dylib */,
				1DF5F4DF0D08C38300B7A737 /* UIKit.framework */,
				1D30AB110D05D00D00671497 /* Foundation.framework */,
				288765070DF74369002DB57D /* CoreGraphics.framework */,
			);
			name = Frameworks;
			sourceTree = "<group>";
		};
/* End PBXGroup section */

/* Begin PBXNativeTarget section */
		1D6058900D05DD3D006BFB54 /* LentManager */ = {
			isa = PBXNativeTarget;
			buildConfigurationList = 1D6058960D05DD3E006BFB54 /* Build configuration list for PBXNativeTarget "LentManager" */;
			buildPhases = (
				1D60588D0D05DD3D006BFB54 /* Resources */,
				1D60588E0D05DD3D006BFB54 /* Sources */,
				1D60588F0D05DD3D006BFB54 /* Frameworks */,
			);
			buildRules = (
			);
			dependencies = (
			);
			name = LentManager;
			productName = RentManager;
			productReference = 1D6058910D05DD3D006BFB54 /* LentManager.app */;
			productType = "com.apple.product-type.application";
		};
/* End PBXNativeTarget section */

/* Begin PBXProject section */
		29B97313FDCFA39411CA2CEA /* Project object */ = {
			isa = PBXProject;
			buildConfigurationList = C01FCF4E08A954540054247B /* Build configuration list for PBXProject "LentManager" */;
			compatibilityVersion = "Xcode 3.1";
			hasScannedForEncodings = 1;
			knownRegions = (
				English,
				Japanese,
				French,
				German,
				en,
				de,
			);
			mainGroup = 29B97314FDCFA39411CA2CEA /* RentManager */;
			projectDirPath = "";
			projectRoot = "";
			targets = (
				1D6058900D05DD3D006BFB54 /* LentManager */,
			);
		};
/* End PBXProject section */

/* Begin PBXResourcesBuildPhase section */
		1D60588D0D05DD3D006BFB54 /* Resources */ = {
			isa = PBXResourcesBuildPhase;
			buildActionMask = 2147483647;
			files = (
				28AD73880D9D96C1002E5188 /* MainWindow.xib in Resources */,
				4378EA7F1150F7F2002AA27D /* AboutViewController.xib in Resources */,
				4378EA811150F7F2002AA27D /* RentOutgoingDetailViewController.xib in Resources */,
				4378EA8C1150F807002AA27D /* DateSelectViewController.xib in Resources */,
				4378EA941150F815002AA27D /* os.png in Resources */,
				4378EB0211510194002AA27D /* RentIncomingDetailViewController.xib in Resources */,
				4378EBBD115112CA002AA27D /* ReturnDateSelectViewController.xib in Resources */,
				433CE7201152578300D6B3D3 /* data.sqlite in Resources */,
				43B9C93D1153AC9F004EF6B2 /* RentOutgoingViewController.xib in Resources */,
				43B9CAC91153D047004EF6B2 /* RentIncomingViewController.xib in Resources */,
				43B8D52011576DBE0074BA21 /* Localizable.strings in Resources */,
				43BF8331116B5E7300167833 /* icon2.png in Resources */,
				43BF8340116B601300167833 /* incoming2.png in Resources */,
				43BF8341116B601300167833 /* info2.png in Resources */,
				43BF8342116B601300167833 /* outgoing2.png in Resources */,
				432C96291187134D00BDC5C8 /* Default.png in Resources */,
				43C2E69D1192C42E006003B0 /* lent-icon.png in Resources */,
			);
			runOnlyForDeploymentPostprocessing = 0;
		};
/* End PBXResourcesBuildPhase section */

/* Begin PBXSourcesBuildPhase section */
		1D60588E0D05DD3D006BFB54 /* Sources */ = {
			isa = PBXSourcesBuildPhase;
			buildActionMask = 2147483647;
			files = (
				1D60589B0D05DD56006BFB54 /* main.m in Sources */,
				1D3623260D0F684500981E51 /* RentManagerAppDelegate.m in Sources */,
				4378EA7E1150F7F2002AA27D /* AboutViewController.m in Sources */,
				4378EA801150F7F2002AA27D /* RentOutgoingDetailViewController.m in Sources */,
				4378EA8A1150F807002AA27D /* Database.m in Sources */,
				4378EA8B1150F807002AA27D /* DateSelectViewController.m in Sources */,
				4378EA961150F815002AA27D /* RentEntry.m in Sources */,
				4378EA971150F815002AA27D /* RentList.m in Sources */,
				4378EA9A1150F83D002AA27D /* RentOutgoingViewController.m in Sources */,
				4378EACE1150FB45002AA27D /* RentIncomingViewController.m in Sources */,
				4378EB0111510194002AA27D /* RentIncomingDetailViewController.m in Sources */,
				4378EBBC115112CA002AA27D /* ReturnDateSelectViewController.m in Sources */,
				43B8D7D11157C6C00074BA21 /* ContactEntry.m in Sources */,
			);
			runOnlyForDeploymentPostprocessing = 0;
		};
/* End PBXSourcesBuildPhase section */

/* Begin PBXVariantGroup section */
		432C96271187134D00BDC5C8 /* Default.png */ = {
			isa = PBXVariantGroup;
			children = (
				432C96281187134D00BDC5C8 /* de */,
				432C962A1187135C00BDC5C8 /* en */,
			);
			name = Default.png;
			sourceTree = "<group>";
		};
		43B8D51E11576DBE0074BA21 /* Localizable.strings */ = {
			isa = PBXVariantGroup;
			children = (
				43B8D51F11576DBE0074BA21 /* de */,
				43B8D52311576DD10074BA21 /* en */,
			);
			name = Localizable.strings;
			sourceTree = "<group>";
		};
/* End PBXVariantGroup section */

/* Begin XCBuildConfiguration section */
		1D6058940D05DD3E006BFB54 /* Debug */ = {
			isa = XCBuildConfiguration;
			buildSettings = {
				ALWAYS_SEARCH_USER_PATHS = NO;
				COPY_PHASE_STRIP = NO;
				GCC_DYNAMIC_NO_PIC = NO;
				GCC_OPTIMIZATION_LEVEL = 0;
				GCC_PRECOMPILE_PREFIX_HEADER = YES;
				GCC_PREFIX_HEADER = LentManager_Prefix.pch;
				INFOPLIST_FILE = "LentManager-Info.plist";
				PRODUCT_NAME = LentManager;
				SDKROOT = iphoneos3.0;
			};
			name = Debug;
		};
		1D6058950D05DD3E006BFB54 /* Release */ = {
			isa = XCBuildConfiguration;
			buildSettings = {
				ALWAYS_SEARCH_USER_PATHS = NO;
				COPY_PHASE_STRIP = YES;
				GCC_PRECOMPILE_PREFIX_HEADER = YES;
				GCC_PREFIX_HEADER = LentManager_Prefix.pch;
				INFOPLIST_FILE = "LentManager-Info.plist";
				PRODUCT_NAME = LentManager;
				SDKROOT = iphoneos3.0;
				WARNING_CFLAGS = "-Wno-deprecated-declarations";
			};
			name = Release;
		};
		43B0719E1198264400CD50CA /* Distribution */ = {
			isa = XCBuildConfiguration;
			buildSettings = {
				ARCHS = "$(ARCHS_STANDARD_32_BIT)";
				"CODE_SIGN_IDENTITY[sdk=iphoneos*]" = "iPhone Developer";
				GCC_C_LANGUAGE_STANDARD = c99;
				GCC_WARN_ABOUT_RETURN_TYPE = YES;
				GCC_WARN_UNUSED_VARIABLE = YES;
				PREBINDING = NO;
				SDKROOT = iphoneos3.1.3;
			};
			name = Distribution;
		};
		43B0719F1198264400CD50CA /* Distribution */ = {
			isa = XCBuildConfiguration;
			buildSettings = {
				ALWAYS_SEARCH_USER_PATHS = NO;
				"CODE_SIGN_IDENTITY[sdk=iphoneos*]" = "iPhone Distribution: os-cillation e.K.";
				COPY_PHASE_STRIP = YES;
				GCC_PRECOMPILE_PREFIX_HEADER = YES;
				GCC_PREFIX_HEADER = LentManager_Prefix.pch;
				INFOPLIST_FILE = "LentManager-Info.plist";
				PRODUCT_NAME = LentManager;
				"PROVISIONING_PROFILE[sdk=iphoneos*]" = "7546DC9A-CF7B-4D02-93CC-4A64076A63BB";
				SDKROOT = iphoneos3.0;
				WARNING_CFLAGS = "-Wno-deprecated-declarations";
			};
			name = Distribution;
		};
		C01FCF4F08A954540054247B /* Debug */ = {
			isa = XCBuildConfiguration;
			buildSettings = {
				ARCHS = "$(ARCHS_STANDARD_32_BIT)";
				"CODE_SIGN_IDENTITY[sdk=iphoneos*]" = "iPhone Developer";
				GCC_C_LANGUAGE_STANDARD = c99;
				GCC_WARN_ABOUT_RETURN_TYPE = YES;
				GCC_WARN_UNUSED_VARIABLE = YES;
				PREBINDING = NO;
				SDKROOT = iphoneos3.1.3;
			};
			name = Debug;
		};
		C01FCF5008A954540054247B /* Release */ = {
			isa = XCBuildConfiguration;
			buildSettings = {
				ARCHS = "$(ARCHS_STANDARD_32_BIT)";
				"CODE_SIGN_IDENTITY[sdk=iphoneos*]" = "iPhone Developer";
				GCC_C_LANGUAGE_STANDARD = c99;
				GCC_WARN_ABOUT_RETURN_TYPE = YES;
				GCC_WARN_UNUSED_VARIABLE = YES;
				PREBINDING = NO;
				SDKROOT = iphoneos3.1.3;
			};
			name = Release;
		};
/* End XCBuildConfiguration section */

/* Begin XCConfigurationList section */
		1D6058960D05DD3E006BFB54 /* Build configuration list for PBXNativeTarget "LentManager" */ = {
			isa = XCConfigurationList;
			buildConfigurations = (
				1D6058940D05DD3E006BFB54 /* Debug */,
				1D6058950D05DD3E006BFB54 /* Release */,
				43B0719F1198264400CD50CA /* Distribution */,
			);
			defaultConfigurationIsVisible = 0;
			defaultConfigurationName = Release;
		};
		C01FCF4E08A954540054247B /* Build configuration list for PBXProject "LentManager" */ = {
			isa = XCConfigurationList;
			buildConfigurations = (
				C01FCF4F08A954540054247B /* Debug */,
				C01FCF5008A954540054247B /* Release */,
				43B0719E1198264400CD50CA /* Distribution */,
			);
			defaultConfigurationIsVisible = 0;
			defaultConfigurationName = Release;
		};
/* End XCConfigurationList section */
	};
	rootObject = 29B97313FDCFA39411CA2CEA /* Project object */;
}
